// !$*UTF8*$!
{
	archiveVersion = 1;
	classes = {
	};
	objectVersion = 50;
	objects = {

/* Begin PBXBuildFile section */
		B07FC32F20DB322F001859E5 /* AppDelegate.m in Sources */ = {isa = PBXBuildFile; fileRef = B07FC32E20DB322F001859E5 /* AppDelegate.m */; };
		B07FC33220DB322F001859E5 /* ViewController.m in Sources */ = {isa = PBXBuildFile; fileRef = B07FC33120DB322F001859E5 /* ViewController.m */; };
		B07FC33520DB322F001859E5 /* Main.storyboard in Resources */ = {isa = PBXBuildFile; fileRef = B07FC33320DB322F001859E5 /* Main.storyboard */; };
		B07FC33720DB3230001859E5 /* Assets.xcassets in Resources */ = {isa = PBXBuildFile; fileRef = B07FC33620DB3230001859E5 /* Assets.xcassets */; };
		B07FC33A20DB3230001859E5 /* LaunchScreen.storyboard in Resources */ = {isa = PBXBuildFile; fileRef = B07FC33820DB3230001859E5 /* LaunchScreen.storyboard */; };
		B07FC33D20DB3231001859E5 /* main.m in Sources */ = {isa = PBXBuildFile; fileRef = B07FC33C20DB3231001859E5 /* main.m */; };
		B07FC34720DB3231001859E5 /* LJJWaterfallFlowTests.m in Sources */ = {isa = PBXBuildFile; fileRef = B07FC34620DB3231001859E5 /* LJJWaterfallFlowTests.m */; };
		B07FC35220DB3231001859E5 /* LJJWaterfallFlowUITests.m in Sources */ = {isa = PBXBuildFile; fileRef = B07FC35120DB3231001859E5 /* LJJWaterfallFlowUITests.m */; };
		B07FC36120DB3528001859E5 /* LJJWaterfallFlowViewController.m in Sources */ = {isa = PBXBuildFile; fileRef = B07FC36020DB3528001859E5 /* LJJWaterfallFlowViewController.m */; };
		B07FC36420DB35AC001859E5 /* LJJWaterfallView.m in Sources */ = {isa = PBXBuildFile; fileRef = B07FC36320DB35AC001859E5 /* LJJWaterfallView.m */; };
		B07FC37220DB3881001859E5 /* timg3.jpg in Resources */ = {isa = PBXBuildFile; fileRef = B07FC36620DB3881001859E5 /* timg3.jpg */; };
		B07FC37320DB3881001859E5 /* timg11.jpg in Resources */ = {isa = PBXBuildFile; fileRef = B07FC36720DB3881001859E5 /* timg11.jpg */; };
		B07FC37420DB3881001859E5 /* timg10.jpg in Resources */ = {isa = PBXBuildFile; fileRef = B07FC36820DB3881001859E5 /* timg10.jpg */; };
		B07FC37520DB3881001859E5 /* timg2.jpg in Resources */ = {isa = PBXBuildFile; fileRef = B07FC36920DB3881001859E5 /* timg2.jpg */; };
		B07FC37620DB3881001859E5 /* timg12.jpg in Resources */ = {isa = PBXBuildFile; fileRef = B07FC36A20DB3881001859E5 /* timg12.jpg */; };
		B07FC37720DB3881001859E5 /* timg1.jpg in Resources */ = {isa = PBXBuildFile; fileRef = B07FC36B20DB3881001859E5 /* timg1.jpg */; };
		B07FC37820DB3881001859E5 /* timg5.jpg in Resources */ = {isa = PBXBuildFile; fileRef = B07FC36C20DB3881001859E5 /* timg5.jpg */; };
		B07FC37920DB3881001859E5 /* timg4.jpg in Resources */ = {isa = PBXBuildFile; fileRef = B07FC36D20DB3881001859E5 /* timg4.jpg */; };
		B07FC37A20DB3881001859E5 /* timg6.jpg in Resources */ = {isa = PBXBuildFile; fileRef = B07FC36E20DB3881001859E5 /* timg6.jpg */; };
		B07FC37B20DB3881001859E5 /* timg7.jpg in Resources */ = {isa = PBXBuildFile; fileRef = B07FC36F20DB3881001859E5 /* timg7.jpg */; };
		B07FC37C20DB3881001859E5 /* timg9.jpg in Resources */ = {isa = PBXBuildFile; fileRef = B07FC37020DB3881001859E5 /* timg9.jpg */; };
		B07FC37D20DB3881001859E5 /* timg8.jpg in Resources */ = {isa = PBXBuildFile; fileRef = B07FC37120DB3881001859E5 /* timg8.jpg */; };
/* End PBXBuildFile section */

/* Begin PBXContainerItemProxy section */
		B07FC34320DB3231001859E5 /* PBXContainerItemProxy */ = {
			isa = PBXContainerItemProxy;
			containerPortal = B07FC32220DB322F001859E5 /* Project object */;
			proxyType = 1;
			remoteGlobalIDString = B07FC32920DB322F001859E5;
			remoteInfo = LJJWaterfallFlow;
		};
		B07FC34E20DB3231001859E5 /* PBXContainerItemProxy */ = {
			isa = PBXContainerItemProxy;
			containerPortal = B07FC32220DB322F001859E5 /* Project object */;
			proxyType = 1;
			remoteGlobalIDString = B07FC32920DB322F001859E5;
			remoteInfo = LJJWaterfallFlow;
		};
/* End PBXContainerItemProxy section */

/* Begin PBXFileReference section */
		B07FC32A20DB322F001859E5 /* LJJWaterfallFlow.app */ = {isa = PBXFileReference; explicitFileType = wrapper.application; includeInIndex = 0; path = LJJWaterfallFlow.app; sourceTree = BUILT_PRODUCTS_DIR; };
		B07FC32D20DB322F001859E5 /* AppDelegate.h */ = {isa = PBXFileReference; lastKnownFileType = sourcecode.c.h; path = AppDelegate.h; sourceTree = "<group>"; };
		B07FC32E20DB322F001859E5 /* AppDelegate.m */ = {isa = PBXFileReference; lastKnownFileType = sourcecode.c.objc; path = AppDelegate.m; sourceTree = "<group>"; };
		B07FC33020DB322F001859E5 /* ViewController.h */ = {isa = PBXFileReference; lastKnownFileType = sourcecode.c.h; path = ViewController.h; sourceTree = "<group>"; };
		B07FC33120DB322F001859E5 /* ViewController.m */ = {isa = PBXFileReference; lastKnownFileType = sourcecode.c.objc; path = ViewController.m; sourceTree = "<group>"; };
		B07FC33420DB322F001859E5 /* Base */ = {isa = PBXFileReference; lastKnownFileType = file.storyboard; name = Base; path = Base.lproj/Main.storyboard; sourceTree = "<group>"; };
		B07FC33620DB3230001859E5 /* Assets.xcassets */ = {isa = PBXFileReference; lastKnownFileType = folder.assetcatalog; path = Assets.xcassets; sourceTree = "<group>"; };
		B07FC33920DB3230001859E5 /* Base */ = {isa = PBXFileReference; lastKnownFileType = file.storyboard; name = Base; path = Base.lproj/LaunchScreen.storyboard; sourceTree = "<group>"; };
		B07FC33B20DB3230001859E5 /* Info.plist */ = {isa = PBXFileReference; lastKnownFileType = text.plist.xml; path = Info.plist; sourceTree = "<group>"; };
		B07FC33C20DB3231001859E5 /* main.m */ = {isa = PBXFileReference; lastKnownFileType = sourcecode.c.objc; path = main.m; sourceTree = "<group>"; };
		B07FC34220DB3231001859E5 /* LJJWaterfallFlowTests.xctest */ = {isa = PBXFileReference; explicitFileType = wrapper.cfbundle; includeInIndex = 0; path = LJJWaterfallFlowTests.xctest; sourceTree = BUILT_PRODUCTS_DIR; };
		B07FC34620DB3231001859E5 /* LJJWaterfallFlowTests.m */ = {isa = PBXFileReference; lastKnownFileType = sourcecode.c.objc; path = LJJWaterfallFlowTests.m; sourceTree = "<group>"; };
		B07FC34820DB3231001859E5 /* Info.plist */ = {isa = PBXFileReference; lastKnownFileType = text.plist.xml; path = Info.plist; sourceTree = "<group>"; };
		B07FC34D20DB3231001859E5 /* LJJWaterfallFlowUITests.xctest */ = {isa = PBXFileReference; explicitFileType = wrapper.cfbundle; includeInIndex = 0; path = LJJWaterfallFlowUITests.xctest; sourceTree = BUILT_PRODUCTS_DIR; };
		B07FC35120DB3231001859E5 /* LJJWaterfallFlowUITests.m */ = {isa = PBXFileReference; lastKnownFileType = sourcecode.c.objc; path = LJJWaterfallFlowUITests.m; sourceTree = "<group>"; };
		B07FC35320DB3231001859E5 /* Info.plist */ = {isa = PBXFileReference; lastKnownFileType = text.plist.xml; path = Info.plist; sourceTree = "<group>"; };
		B07FC35F20DB3528001859E5 /* LJJWaterfallFlowViewController.h */ = {isa = PBXFileReference; lastKnownFileType = sourcecode.c.h; path = LJJWaterfallFlowViewController.h; sourceTree = "<group>"; };
		B07FC36020DB3528001859E5 /* LJJWaterfallFlowViewController.m */ = {isa = PBXFileReference; lastKnownFileType = sourcecode.c.objc; path = LJJWaterfallFlowViewController.m; sourceTree = "<group>"; };
		B07FC36220DB35AC001859E5 /* LJJWaterfallView.h */ = {isa = PBXFileReference; lastKnownFileType = sourcecode.c.h; path = LJJWaterfallView.h; sourceTree = "<group>"; };
		B07FC36320DB35AC001859E5 /* LJJWaterfallView.m */ = {isa = PBXFileReference; lastKnownFileType = sourcecode.c.objc; path = LJJWaterfallView.m; sourceTree = "<group>"; };
		B07FC36620DB3881001859E5 /* timg3.jpg */ = {isa = PBXFileReference; lastKnownFileType = image.jpeg; path = timg3.jpg; sourceTree = "<group>"; };
		B07FC36720DB3881001859E5 /* timg11.jpg */ = {isa = PBXFileReference; lastKnownFileType = image.jpeg; path = timg11.jpg; sourceTree = "<group>"; };
		B07FC36820DB3881001859E5 /* timg10.jpg */ = {isa = PBXFileReference; lastKnownFileType = image.jpeg; path = timg10.jpg; sourceTree = "<group>"; };
		B07FC36920DB3881001859E5 /* timg2.jpg */ = {isa = PBXFileReference; lastKnownFileType = image.jpeg; path = timg2.jpg; sourceTree = "<group>"; };
		B07FC36A20DB3881001859E5 /* timg12.jpg */ = {isa = PBXFileReference; lastKnownFileType = image.jpeg; path = timg12.jpg; sourceTree = "<group>"; };
		B07FC36B20DB3881001859E5 /* timg1.jpg */ = {isa = PBXFileReference; lastKnownFileType = image.jpeg; path = timg1.jpg; sourceTree = "<group>"; };
		B07FC36C20DB3881001859E5 /* timg5.jpg */ = {isa = PBXFileReference; lastKnownFileType = image.jpeg; path = timg5.jpg; sourceTree = "<group>"; };
		B07FC36D20DB3881001859E5 /* timg4.jpg */ = {isa = PBXFileReference; lastKnownFileType = image.jpeg; path = timg4.jpg; sourceTree = "<group>"; };
		B07FC36E20DB3881001859E5 /* timg6.jpg */ = {isa = PBXFileReference; lastKnownFileType = image.jpeg; path = timg6.jpg; sourceTree = "<group>"; };
		B07FC36F20DB3881001859E5 /* timg7.jpg */ = {isa = PBXFileReference; lastKnownFileType = image.jpeg; path = timg7.jpg; sourceTree = "<group>"; };
		B07FC37020DB3881001859E5 /* timg9.jpg */ = {isa = PBXFileReference; lastKnownFileType = image.jpeg; path = timg9.jpg; sourceTree = "<group>"; };
		B07FC37120DB3881001859E5 /* timg8.jpg */ = {isa = PBXFileReference; lastKnownFileType = image.jpeg; path = timg8.jpg; sourceTree = "<group>"; };
/* End PBXFileReference section */

/* Begin PBXFrameworksBuildPhase section */
		B07FC32720DB322F001859E5 /* Frameworks */ = {
			isa = PBXFrameworksBuildPhase;
			buildActionMask = 2147483647;
			files = (
			);
			runOnlyForDeploymentPostprocessing = 0;
		};
		B07FC33F20DB3231001859E5 /* Frameworks */ = {
			isa = PBXFrameworksBuildPhase;
			buildActionMask = 2147483647;
			files = (
			);
			runOnlyForDeploymentPostprocessing = 0;
		};
		B07FC34A20DB3231001859E5 /* Frameworks */ = {
			isa = PBXFrameworksBuildPhase;
			buildActionMask = 2147483647;
			files = (
			);
			runOnlyForDeploymentPostprocessing = 0;
		};
/* End PBXFrameworksBuildPhase section */

/* Begin PBXGroup section */
		B07FC32120DB322F001859E5 = {
			isa = PBXGroup;
			children = (
				B07FC32C20DB322F001859E5 /* LJJWaterfallFlow */,
				B07FC34520DB3231001859E5 /* LJJWaterfallFlowTests */,
				B07FC35020DB3231001859E5 /* LJJWaterfallFlowUITests */,
				B07FC32B20DB322F001859E5 /* Products */,
			);
			sourceTree = "<group>";
		};
		B07FC32B20DB322F001859E5 /* Products */ = {
			isa = PBXGroup;
			children = (
				B07FC32A20DB322F001859E5 /* LJJWaterfallFlow.app */,
				B07FC34220DB3231001859E5 /* LJJWaterfallFlowTests.xctest */,
				B07FC34D20DB3231001859E5 /* LJJWaterfallFlowUITests.xctest */,
			);
			name = Products;
			sourceTree = "<group>";
		};
		B07FC32C20DB322F001859E5 /* LJJWaterfallFlow */ = {
			isa = PBXGroup;
			children = (
				B07FC36520DB3881001859E5 /* resources */,
				B07FC32D20DB322F001859E5 /* AppDelegate.h */,
				B07FC32E20DB322F001859E5 /* AppDelegate.m */,
				B07FC33020DB322F001859E5 /* ViewController.h */,
				B07FC33120DB322F001859E5 /* ViewController.m */,
				B07FC33320DB322F001859E5 /* Main.storyboard */,
				B07FC33620DB3230001859E5 /* Assets.xcassets */,
				B07FC33820DB3230001859E5 /* LaunchScreen.storyboard */,
				B07FC33B20DB3230001859E5 /* Info.plist */,
				B07FC33C20DB3231001859E5 /* main.m */,
				B07FC35F20DB3528001859E5 /* LJJWaterfallFlowViewController.h */,
				B07FC36020DB3528001859E5 /* LJJWaterfallFlowViewController.m */,
				B07FC36220DB35AC001859E5 /* LJJWaterfallView.h */,
				B07FC36320DB35AC001859E5 /* LJJWaterfallView.m */,
			);
			path = LJJWaterfallFlow;
			sourceTree = "<group>";
		};
		B07FC34520DB3231001859E5 /* LJJWaterfallFlowTests */ = {
			isa = PBXGroup;
			children = (
				B07FC34620DB3231001859E5 /* LJJWaterfallFlowTests.m */,
				B07FC34820DB3231001859E5 /* Info.plist */,
			);
			path = LJJWaterfallFlowTests;
			sourceTree = "<group>";
		};
		B07FC35020DB3231001859E5 /* LJJWaterfallFlowUITests */ = {
			isa = PBXGroup;
			children = (
				B07FC35120DB3231001859E5 /* LJJWaterfallFlowUITests.m */,
				B07FC35320DB3231001859E5 /* Info.plist */,
			);
			path = LJJWaterfallFlowUITests;
			sourceTree = "<group>";
		};
		B07FC36520DB3881001859E5 /* resources */ = {
			isa = PBXGroup;
			children = (
				B07FC36620DB3881001859E5 /* timg3.jpg */,
				B07FC36720DB3881001859E5 /* timg11.jpg */,
				B07FC36820DB3881001859E5 /* timg10.jpg */,
				B07FC36920DB3881001859E5 /* timg2.jpg */,
				B07FC36A20DB3881001859E5 /* timg12.jpg */,
				B07FC36B20DB3881001859E5 /* timg1.jpg */,
				B07FC36C20DB3881001859E5 /* timg5.jpg */,
				B07FC36D20DB3881001859E5 /* timg4.jpg */,
				B07FC36E20DB3881001859E5 /* timg6.jpg */,
				B07FC36F20DB3881001859E5 /* timg7.jpg */,
				B07FC37020DB3881001859E5 /* timg9.jpg */,
				B07FC37120DB3881001859E5 /* timg8.jpg */,
			);
			path = resources;
			sourceTree = "<group>";
		};
/* End PBXGroup section */

/* Begin PBXNativeTarget section */
		B07FC32920DB322F001859E5 /* LJJWaterfallFlow */ = {
			isa = PBXNativeTarget;
			buildConfigurationList = B07FC35620DB3231001859E5 /* Build configuration list for PBXNativeTarget "LJJWaterfallFlow" */;
			buildPhases = (
				B07FC32620DB322F001859E5 /* Sources */,
				B07FC32720DB322F001859E5 /* Frameworks */,
				B07FC32820DB322F001859E5 /* Resources */,
			);
			buildRules = (
			);
			dependencies = (
			);
			name = LJJWaterfallFlow;
			productName = LJJWaterfallFlow;
			productReference = B07FC32A20DB322F001859E5 /* LJJWaterfallFlow.app */;
			productType = "com.apple.product-type.application";
		};
		B07FC34120DB3231001859E5 /* LJJWaterfallFlowTests */ = {
			isa = PBXNativeTarget;
			buildConfigurationList = B07FC35920DB3231001859E5 /* Build configuration list for PBXNativeTarget "LJJWaterfallFlowTests" */;
			buildPhases = (
				B07FC33E20DB3231001859E5 /* Sources */,
				B07FC33F20DB3231001859E5 /* Frameworks */,
				B07FC34020DB3231001859E5 /* Resources */,
			);
			buildRules = (
			);
			dependencies = (
				B07FC34420DB3231001859E5 /* PBXTargetDependency */,
			);
			name = LJJWaterfallFlowTests;
			productName = LJJWaterfallFlowTests;
			productReference = B07FC34220DB3231001859E5 /* LJJWaterfallFlowTests.xctest */;
			productType = "com.apple.product-type.bundle.unit-test";
		};
		B07FC34C20DB3231001859E5 /* LJJWaterfallFlowUITests */ = {
			isa = PBXNativeTarget;
			buildConfigurationList = B07FC35C20DB3231001859E5 /* Build configuration list for PBXNativeTarget "LJJWaterfallFlowUITests" */;
			buildPhases = (
				B07FC34920DB3231001859E5 /* Sources */,
				B07FC34A20DB3231001859E5 /* Frameworks */,
				B07FC34B20DB3231001859E5 /* Resources */,
			);
			buildRules = (
			);
			dependencies = (
				B07FC34F20DB3231001859E5 /* PBXTargetDependency */,
			);
			name = LJJWaterfallFlowUITests;
			productName = LJJWaterfallFlowUITests;
			productReference = B07FC34D20DB3231001859E5 /* LJJWaterfallFlowUITests.xctest */;
			productType = "com.apple.product-type.bundle.ui-testing";
		};
/* End PBXNativeTarget section */

/* Begin PBXProject section */
		B07FC32220DB322F001859E5 /* Project object */ = {
			isa = PBXProject;
			attributes = {
				LastUpgradeCheck = 0940;
				ORGANIZATIONNAME = peony;
				TargetAttributes = {
					B07FC32920DB322F001859E5 = {
						CreatedOnToolsVersion = 9.4;
					};
					B07FC34120DB3231001859E5 = {
						CreatedOnToolsVersion = 9.4;
						TestTargetID = B07FC32920DB322F001859E5;
					};
					B07FC34C20DB3231001859E5 = {
						CreatedOnToolsVersion = 9.4;
						TestTargetID = B07FC32920DB322F001859E5;
					};
				};
			};
			buildConfigurationList = B07FC32520DB322F001859E5 /* Build configuration list for PBXProject "LJJWaterfallFlow" */;
			compatibilityVersion = "Xcode 9.3";
			developmentRegion = en;
			hasScannedForEncodings = 0;
			knownRegions = (
				en,
				Base,
			);
			mainGroup = B07FC32120DB322F001859E5;
			productRefGroup = B07FC32B20DB322F001859E5 /* Products */;
			projectDirPath = "";
			projectRoot = "";
			targets = (
				B07FC32920DB322F001859E5 /* LJJWaterfallFlow */,
				B07FC34120DB3231001859E5 /* LJJWaterfallFlowTests */,
				B07FC34C20DB3231001859E5 /* LJJWaterfallFlowUITests */,
			);
		};
/* End PBXProject section */

/* Begin PBXResourcesBuildPhase section */
		B07FC32820DB322F001859E5 /* Resources */ = {
			isa = PBXResourcesBuildPhase;
			buildActionMask = 2147483647;
			files = (
				B07FC37820DB3881001859E5 /* timg5.jpg in Resources */,
				B07FC37220DB3881001859E5 /* timg3.jpg in Resources */,
				B07FC33A20DB3230001859E5 /* LaunchScreen.storyboard in Resources */,
				B07FC33720DB3230001859E5 /* Assets.xcassets in Resources */,
				B07FC37920DB3881001859E5 /* timg4.jpg in Resources */,
				B07FC37520DB3881001859E5 /* timg2.jpg in Resources */,
				B07FC37420DB3881001859E5 /* timg10.jpg in Resources */,
				B07FC37620DB3881001859E5 /* timg12.jpg in Resources */,
				B07FC37320DB3881001859E5 /* timg11.jpg in Resources */,
				B07FC37B20DB3881001859E5 /* timg7.jpg in Resources */,
				B07FC37C20DB3881001859E5 /* timg9.jpg in Resources */,
				B07FC33520DB322F001859E5 /* Main.storyboard in Resources */,
				B07FC37720DB3881001859E5 /* timg1.jpg in Resources */,
				B07FC37A20DB3881001859E5 /* timg6.jpg in Resources */,
				B07FC37D20DB3881001859E5 /* timg8.jpg in Resources */,
			);
			runOnlyForDeploymentPostprocessing = 0;
		};
		B07FC34020DB3231001859E5 /* Resources */ = {
			isa = PBXResourcesBuildPhase;
			buildActionMask = 2147483647;
			files = (
			);
			runOnlyForDeploymentPostprocessing = 0;
		};
		B07FC34B20DB3231001859E5 /* Resources */ = {
			isa = PBXResourcesBuildPhase;
			buildActionMask = 2147483647;
			files = (
			);
			runOnlyForDeploymentPostprocessing = 0;
		};
/* End PBXResourcesBuildPhase section */

/* Begin PBXSourcesBuildPhase section */
		B07FC32620DB322F001859E5 /* Sources */ = {
			isa = PBXSourcesBuildPhase;
			buildActionMask = 2147483647;
			files = (
				B07FC36120DB3528001859E5 /* LJJWaterfallFlowViewController.m in Sources */,
				B07FC33220DB322F001859E5 /* ViewController.m in Sources */,
				B07FC33D20DB3231001859E5 /* main.m in Sources */,
				B07FC36420DB35AC001859E5 /* LJJWaterfallView.m in Sources */,
				B07FC32F20DB322F001859E5 /* AppDelegate.m in Sources */,
			);
			runOnlyForDeploymentPostprocessing = 0;
		};
		B07FC33E20DB3231001859E5 /* Sources */ = {
			isa = PBXSourcesBuildPhase;
			buildActionMask = 2147483647;
			files = (
				B07FC34720DB3231001859E5 /* LJJWaterfallFlowTests.m in Sources */,
			);
			runOnlyForDeploymentPostprocessing = 0;
		};
		B07FC34920DB3231001859E5 /* Sources */ = {
			isa = PBXSourcesBuildPhase;
			buildActionMask = 2147483647;
			files = (
				B07FC35220DB3231001859E5 /* LJJWaterfallFlowUITests.m in Sources */,
			);
			runOnlyForDeploymentPostprocessing = 0;
		};
/* End PBXSourcesBuildPhase section */

/* Begin PBXTargetDependency section */
		B07FC34420DB3231001859E5 /* PBXTargetDependency */ = {
			isa = PBXTargetDependency;
			target = B07FC32920DB322F001859E5 /* LJJWaterfallFlow */;
			targetProxy = B07FC34320DB3231001859E5 /* PBXContainerItemProxy */;
		};
		B07FC34F20DB3231001859E5 /* PBXTargetDependency */ = {
			isa = PBXTargetDependency;
			target = B07FC32920DB322F001859E5 /* LJJWaterfallFlow */;
			targetProxy = B07FC34E20DB3231001859E5 /* PBXContainerItemProxy */;
		};
/* End PBXTargetDependency section */

/* Begin PBXVariantGroup section */
		B07FC33320DB322F001859E5 /* Main.storyboard */ = {
			isa = PBXVariantGroup;
			children = (
				B07FC33420DB322F001859E5 /* Base */,
			);
			name = Main.storyboard;
			sourceTree = "<group>";
		};
		B07FC33820DB3230001859E5 /* LaunchScreen.storyboard */ = {
			isa = PBXVariantGroup;
			children = (
				B07FC33920DB3230001859E5 /* Base */,
			);
			name = LaunchScreen.storyboard;
			sourceTree = "<group>";
		};
/* End PBXVariantGroup section */

/* Begin XCBuildConfiguration section */
		B07FC35420DB3231001859E5 /* Debug */ = {
			isa = XCBuildConfiguration;
			buildSettings = {
				ALWAYS_SEARCH_USER_PATHS = NO;
				CLANG_ANALYZER_NONNULL = YES;
				CLANG_ANALYZER_NUMBER_OBJECT_CONVERSION = YES_AGGRESSIVE;
				CLANG_CXX_LANGUAGE_STANDARD = "gnu++14";
				CLANG_CXX_LIBRARY = "libc++";
				CLANG_ENABLE_MODULES = YES;
				CLANG_ENABLE_OBJC_ARC = YES;
				CLANG_ENABLE_OBJC_WEAK = YES;
				CLANG_WARN_BLOCK_CAPTURE_AUTORELEASING = YES;
				CLANG_WARN_BOOL_CONVERSION = YES;
				CLANG_WARN_COMMA = YES;
				CLANG_WARN_CONSTANT_CONVERSION = YES;
				CLANG_WARN_DEPRECATED_OBJC_IMPLEMENTATIONS = YES;
				CLANG_WARN_DIRECT_OBJC_ISA_USAGE = YES_ERROR;
				CLANG_WARN_DOCUMENTATION_COMMENTS = YES;
				CLANG_WARN_EMPTY_BODY = YES;
				CLANG_WARN_ENUM_CONVERSION = YES;
				CLANG_WARN_INFINITE_RECURSION = YES;
				CLANG_WARN_INT_CONVERSION = YES;
				CLANG_WARN_NON_LITERAL_NULL_CONVERSION = YES;
				CLANG_WARN_OBJC_IMPLICIT_RETAIN_SELF = YES;
				CLANG_WARN_OBJC_LITERAL_CONVERSION = YES;
				CLANG_WARN_OBJC_ROOT_CLASS = YES_ERROR;
				CLANG_WARN_RANGE_LOOP_ANALYSIS = YES;
				CLANG_WARN_STRICT_PROTOTYPES = YES;
				CLANG_WARN_SUSPICIOUS_MOVE = YES;
				CLANG_WARN_UNGUARDED_AVAILABILITY = YES_AGGRESSIVE;
				CLANG_WARN_UNREACHABLE_CODE = YES;
				CLANG_WARN__DUPLICATE_METHOD_MATCH = YES;
				CODE_SIGN_IDENTITY = "iPhone Developer";
				COPY_PHASE_STRIP = NO;
				DEBUG_INFORMATION_FORMAT = dwarf;
				ENABLE_STRICT_OBJC_MSGSEND = YES;
				ENABLE_TESTABILITY = YES;
				GCC_C_LANGUAGE_STANDARD = gnu11;
				GCC_DYNAMIC_NO_PIC = NO;
				GCC_NO_COMMON_BLOCKS = YES;
				GCC_OPTIMIZATION_LEVEL = 0;
				GCC_PREPROCESSOR_DEFINITIONS = (
					"DEBUG=1",
					"$(inherited)",
				);
				GCC_WARN_64_TO_32_BIT_CONVERSION = YES;
				GCC_WARN_ABOUT_RETURN_TYPE = YES_ERROR;
				GCC_WARN_UNDECLARED_SELECTOR = YES;
				GCC_WARN_UNINITIALIZED_AUTOS = YES_AGGRESSIVE;
				GCC_WARN_UNUSED_FUNCTION = YES;
				GCC_WARN_UNUSED_VARIABLE = YES;
				IPHONEOS_DEPLOYMENT_TARGET = 11.4;
				MTL_ENABLE_DEBUG_INFO = YES;
				ONLY_ACTIVE_ARCH = YES;
				SDKROOT = iphoneos;
			};
			name = Debug;
		};
		B07FC35520DB3231001859E5 /* Release */ = {
			isa = XCBuildConfiguration;
			buildSettings = {
				ALWAYS_SEARCH_USER_PATHS = NO;
				CLANG_ANALYZER_NONNULL = YES;
				CLANG_ANALYZER_NUMBER_OBJECT_CONVERSION = YES_AGGRESSIVE;
				CLANG_CXX_LANGUAGE_STANDARD = "gnu++14";
				CLANG_CXX_LIBRARY = "libc++";
				CLANG_ENABLE_MODULES = YES;
				CLANG_ENABLE_OBJC_ARC = YES;
				CLANG_ENABLE_OBJC_WEAK = YES;
				CLANG_WARN_BLOCK_CAPTURE_AUTORELEASING = YES;
				CLANG_WARN_BOOL_CONVERSION = YES;
				CLANG_WARN_COMMA = YES;
				CLANG_WARN_CONSTANT_CONVERSION = YES;
				CLANG_WARN_DEPRECATED_OBJC_IMPLEMENTATIONS = YES;
				CLANG_WARN_DIRECT_OBJC_ISA_USAGE = YES_ERROR;
				CLANG_WARN_DOCUMENTATION_COMMENTS = YES;
				CLANG_WARN_EMPTY_BODY = YES;
				CLANG_WARN_ENUM_CONVERSION = YES;
				CLANG_WARN_INFINITE_RECURSION = YES;
				CLANG_WARN_INT_CONVERSION = YES;
				CLANG_WARN_NON_LITERAL_NULL_CONVERSION = YES;
				CLANG_WARN_OBJC_IMPLICIT_RETAIN_SELF = YES;
				CLANG_WARN_OBJC_LITERAL_CONVERSION = YES;
				CLANG_WARN_OBJC_ROOT_CLASS = YES_ERROR;
				CLANG_WARN_RANGE_LOOP_ANALYSIS = YES;
				CLANG_WARN_STRICT_PROTOTYPES = YES;
				CLANG_WARN_SUSPICIOUS_MOVE = YES;
				CLANG_WARN_UNGUARDED_AVAILABILITY = YES_AGGRESSIVE;
				CLANG_WARN_UNREACHABLE_CODE = YES;
				CLANG_WARN__DUPLICATE_METHOD_MATCH = YES;
				CODE_SIGN_IDENTITY = "iPhone Developer";
				COPY_PHASE_STRIP = NO;
				DEBUG_INFORMATION_FORMAT = "dwarf-with-dsym";
				ENABLE_NS_ASSERTIONS = NO;
				ENABLE_STRICT_OBJC_MSGSEND = YES;
				GCC_C_LANGUAGE_STANDARD = gnu11;
				GCC_NO_COMMON_BLOCKS = YES;
				GCC_WARN_64_TO_32_BIT_CONVERSION = YES;
				GCC_WARN_ABOUT_RETURN_TYPE = YES_ERROR;
				GCC_WARN_UNDECLARED_SELECTOR = YES;
				GCC_WARN_UNINITIALIZED_AUTOS = YES_AGGRESSIVE;
				GCC_WARN_UNUSED_FUNCTION = YES;
				GCC_WARN_UNUSED_VARIABLE = YES;
				IPHONEOS_DEPLOYMENT_TARGET = 11.4;
				MTL_ENABLE_DEBUG_INFO = NO;
				SDKROOT = iphoneos;
				VALIDATE_PRODUCT = YES;
			};
			name = Release;
		};
		B07FC35720DB3231001859E5 /* Debug */ = {
			isa = XCBuildConfiguration;
			buildSettings = {
				ASSETCATALOG_COMPILER_APPICON_NAME = AppIcon;
				CODE_SIGN_STYLE = Automatic;
				INFOPLIST_FILE = LJJWaterfallFlow/Info.plist;
				LD_RUNPATH_SEARCH_PATHS = (
					"$(inherited)",
					"@executable_path/Frameworks",
				);
				PRODUCT_BUNDLE_IDENTIFIER = peony.LJJWaterfallFlow;
				PRODUCT_NAME = "$(TARGET_NAME)";
				TARGETED_DEVICE_FAMILY = "1,2";
			};
			name = Debug;
		};
		B07FC35820DB3231001859E5 /* Release */ = {
			isa = XCBuildConfiguration;
			buildSettings = {
				ASSETCATALOG_COMPILER_APPICON_NAME = AppIcon;
				CODE_SIGN_STYLE = Automatic;
				INFOPLIST_FILE = LJJWaterfallFlow/Info.plist;
				LD_RUNPATH_SEARCH_PATHS = (
					"$(inherited)",
					"@executable_path/Frameworks",
				);
				PRODUCT_BUNDLE_IDENTIFIER = peony.LJJWaterfallFlow;
				PRODUCT_NAME = "$(TARGET_NAME)";
				TARGETED_DEVICE_FAMILY = "1,2";
			};
			name = Release;
		};
		B07FC35A20DB3231001859E5 /* Debug */ = {
			isa = XCBuildConfiguration;
			buildSettings = {
				BUNDLE_LOADER = "$(TEST_HOST)";
				CODE_SIGN_STYLE = Automatic;
				INFOPLIST_FILE = LJJWaterfallFlowTests/Info.plist;
				LD_RUNPATH_SEARCH_PATHS = (
					"$(inherited)",
					"@executable_path/Frameworks",
					"@loader_path/Frameworks",
				);
				PRODUCT_BUNDLE_IDENTIFIER = peony.LJJWaterfallFlowTests;
				PRODUCT_NAME = "$(TARGET_NAME)";
				TARGETED_DEVICE_FAMILY = "1,2";
				TEST_HOST = "$(BUILT_PRODUCTS_DIR)/LJJWaterfallFlow.app/LJJWaterfallFlow";
			};
			name = Debug;
		};
		B07FC35B20DB3231001859E5 /* Release */ = {
			isa = XCBuildConfiguration;
			buildSettings = {
				BUNDLE_LOADER = "$(TEST_HOST)";
				CODE_SIGN_STYLE = Automatic;
				INFOPLIST_FILE = LJJWaterfallFlowTests/Info.plist;
				LD_RUNPATH_SEARCH_PATHS = (
					"$(inherited)",
					"@executable_path/Frameworks",
					"@loader_path/Frameworks",
				);
				PRODUCT_BUNDLE_IDENTIFIER = peony.LJJWaterfallFlowTests;
				PRODUCT_NAME = "$(TARGET_NAME)";
				TARGETED_DEVICE_FAMILY = "1,2";
				TEST_HOST = "$(BUILT_PRODUCTS_DIR)/LJJWaterfallFlow.app/LJJWaterfallFlow";
			};
			name = Release;
		};
		B07FC35D20DB3231001859E5 /* Debug */ = {
			isa = XCBuildConfiguration;
			buildSettings = {
				CODE_SIGN_STYLE = Automatic;
				INFOPLIST_FILE = LJJWaterfallFlowUITests/Info.plist;
				LD_RUNPATH_SEARCH_PATHS = (
					"$(inherited)",
					"@executable_path/Frameworks",
					"@loader_path/Frameworks",
				);
				PRODUCT_BUNDLE_IDENTIFIER = peony.LJJWaterfallFlowUITests;
				PRODUCT_NAME = "$(TARGET_NAME)";
				TARGETED_DEVICE_FAMILY = "1,2";
				TEST_TARGET_NAME = LJJWaterfallFlow;
			};
			name = Debug;
		};
		B07FC35E20DB3231001859E5 /* Release */ = {
			isa = XCBuildConfiguration;
			buildSettings = {
				CODE_SIGN_STYLE = Automatic;
				INFOPLIST_FILE = LJJWaterfallFlowUITests/Info.plist;
				LD_RUNPATH_SEARCH_PATHS = (
					"$(inherited)",
					"@executable_path/Frameworks",
					"@loader_path/Frameworks",
				);
				PRODUCT_BUNDLE_IDENTIFIER = peony.LJJWaterfallFlowUITests;
				PRODUCT_NAME = "$(TARGET_NAME)";
				TARGETED_DEVICE_FAMILY = "1,2";
				TEST_TARGET_NAME = LJJWaterfallFlow;
			};
			name = Release;
		};
/* End XCBuildConfiguration section */

/* Begin XCConfigurationList section */
		B07FC32520DB322F001859E5 /* Build configuration list for PBXProject "LJJWaterfallFlow" */ = {
			isa = XCConfigurationList;
			buildConfigurations = (
				B07FC35420DB3231001859E5 /* Debug */,
				B07FC35520DB3231001859E5 /* Release */,
			);
			defaultConfigurationIsVisible = 0;
			defaultConfigurationName = Release;
		};
		B07FC35620DB3231001859E5 /* Build configuration list for PBXNativeTarget "LJJWaterfallFlow" */ = {
			isa = XCConfigurationList;
			buildConfigurations = (
				B07FC35720DB3231001859E5 /* Debug */,
				B07FC35820DB3231001859E5 /* Release */,
			);
			defaultConfigurationIsVisible = 0;
			defaultConfigurationName = Release;
		};
		B07FC35920DB3231001859E5 /* Build configuration list for PBXNativeTarget "LJJWaterfallFlowTests" */ = {
			isa = XCConfigurationList;
			buildConfigurations = (
				B07FC35A20DB3231001859E5 /* Debug */,
				B07FC35B20DB3231001859E5 /* Release */,
			);
			defaultConfigurationIsVisible = 0;
			defaultConfigurationName = Release;
		};
		B07FC35C20DB3231001859E5 /* Build configuration list for PBXNativeTarget "LJJWaterfallFlowUITests" */ = {
			isa = XCConfigurationList;
			buildConfigurations = (
				B07FC35D20DB3231001859E5 /* Debug */,
				B07FC35E20DB3231001859E5 /* Release */,
			);
			defaultConfigurationIsVisible = 0;
			defaultConfigurationName = Release;
		};
/* End XCConfigurationList section */
	};
	rootObject = B07FC32220DB322F001859E5 /* Project object */;
}
